
Microsoft Visual Studio Solution File, Format Version 12.00
# Visual Studio Version 17
VisualStudioVersion = 17.9.34728.123
MinimumVisualStudioVersion = 10.0.40219.1
Project("{FAE04EC0-301F-11D3-BF4B-00C04F79EFBC}") = "app-files-mount", "app-files-mount\app-files-mount.csproj", "{A9D9413D-1EE8-41B7-A209-06A111673570}"
EndProject
Global
	GlobalSection(SolutionConfigurationPlatforms) = preSolution
		Debug|Any CPU = Debug|Any CPU
		Release|Any CPU = Release|Any CPU
	EndGlobalSection
	GlobalSection(ProjectConfigurationPlatforms) = postSolution
		{A9D9413D-1EE8-41B7-A209-06A111673570}.Debug|Any CPU.ActiveCfg = Debug|Any CPU
		{A9D9413D-1EE8-41B7-A209-06A111673570}.Debug|Any CPU.Build.0 = Debug|Any CPU
		{A9D9413D-1EE8-41B7-A209-06A111673570}.Release|Any CPU.ActiveCfg = Release|Any CPU
		{A9D9413D-1EE8-41B7-A209-06A111673570}.Release|Any CPU.Build.0 = Release|Any CPU
	EndGlobalSection
	GlobalSection(SolutionProperties) = preSolution
		HideSolutionNode = FALSE
	EndGlobalSection
	GlobalSection(ExtensibilityGlobals) = postSolution
		SolutionGuid = {FED9DBE1-F711-4763-9EF0-6FC180363647}
	EndGlobalSection
EndGlobal
